
Microsoft Visual Studio Solution File, Format Version 12.00
# Visual Studio 14
VisualStudioVersion = 14.0.23107.0
MinimumVisualStudioVersion = 10.0.40219.1
Project("{FAE04EC0-301F-11D3-BF4B-00C04F79EFBC}") = "RoutePlannerConsole", "RoutePlannerConsole\RoutePlannerConsole.csproj", "{D7D98D47-4FFF-4DAD-8CAC-C4ACA78467FA}"
EndProject
Project("{FAE04EC0-301F-11D3-BF4B-00C04F79EFBC}") = "RoutePlannerLib", "RoutePlannerLib\RoutePlannerLib.csproj", "{972EBE81-AD91-4AE6-9A93-E4DC3687CEF4}"
EndProject
Project("{FAE04EC0-301F-11D3-BF4B-00C04F79EFBC}") = "RoutePlannerTest", "RoutePlannerTest\RoutePlannerTest.csproj", "{047117FA-8018-4484-8497-B71DF079C5FE}"
EndProject
Project("{FAE04EC0-301F-11D3-BF4B-00C04F79EFBC}") = "GarbageCollectorTest", "GarbageCollectorTest\GarbageCollectorTest.csproj", "{B426B606-6CFA-424B-8926-54D1DF76AA08}"
EndProject
Global
	GlobalSection(SolutionConfigurationPlatforms) = preSolution
		Debug|Any CPU = Debug|Any CPU
		Release|Any CPU = Release|Any CPU
	EndGlobalSection
	GlobalSection(ProjectConfigurationPlatforms) = postSolution
		{D7D98D47-4FFF-4DAD-8CAC-C4ACA78467FA}.Debug|Any CPU.ActiveCfg = Debug|Any CPU
		{D7D98D47-4FFF-4DAD-8CAC-C4ACA78467FA}.Debug|Any CPU.Build.0 = Debug|Any CPU
		{D7D98D47-4FFF-4DAD-8CAC-C4ACA78467FA}.Release|Any CPU.ActiveCfg = Release|Any CPU
		{D7D98D47-4FFF-4DAD-8CAC-C4ACA78467FA}.Release|Any CPU.Build.0 = Release|Any CPU
		{972EBE81-AD91-4AE6-9A93-E4DC3687CEF4}.Debug|Any CPU.ActiveCfg = Debug|Any CPU
		{972EBE81-AD91-4AE6-9A93-E4DC3687CEF4}.Debug|Any CPU.Build.0 = Debug|Any CPU
		{972EBE81-AD91-4AE6-9A93-E4DC3687CEF4}.Release|Any CPU.ActiveCfg = Release|Any CPU
		{972EBE81-AD91-4AE6-9A93-E4DC3687CEF4}.Release|Any CPU.Build.0 = Release|Any CPU
		{047117FA-8018-4484-8497-B71DF079C5FE}.Debug|Any CPU.ActiveCfg = Debug|Any CPU
		{047117FA-8018-4484-8497-B71DF079C5FE}.Debug|Any CPU.Build.0 = Debug|Any CPU
		{047117FA-8018-4484-8497-B71DF079C5FE}.Release|Any CPU.ActiveCfg = Release|Any CPU
		{047117FA-8018-4484-8497-B71DF079C5FE}.Release|Any CPU.Build.0 = Release|Any CPU
		{B426B606-6CFA-424B-8926-54D1DF76AA08}.Debug|Any CPU.ActiveCfg = Debug|Any CPU
		{B426B606-6CFA-424B-8926-54D1DF76AA08}.Debug|Any CPU.Build.0 = Debug|Any CPU
		{B426B606-6CFA-424B-8926-54D1DF76AA08}.Release|Any CPU.ActiveCfg = Release|Any CPU
		{B426B606-6CFA-424B-8926-54D1DF76AA08}.Release|Any CPU.Build.0 = Release|Any CPU
	EndGlobalSection
	GlobalSection(SolutionProperties) = preSolution
		HideSolutionNode = FALSE
	EndGlobalSection
EndGlobal
